
Microsoft Visual Studio Solution File, Format Version 12.00
# Visual Studio Version 17
VisualStudioVersion = 17.11.35312.102
MinimumVisualStudioVersion = 10.0.40219.1
Project("{FAE04EC0-301F-11D3-BF4B-00C04F79EFBC}") = "BuildinganExponentMethod", "BuildinganExponentMethod.csproj", "{DC98DB22-CEB4-4155-8023-DD9CEA473C19}"
EndProject
Global
	GlobalSection(SolutionConfigurationPlatforms) = preSolution
		Debug|Any CPU = Debug|Any CPU
		Release|Any CPU = Release|Any CPU
	EndGlobalSection
	GlobalSection(ProjectConfigurationPlatforms) = postSolution
		{DC98DB22-CEB4-4155-8023-DD9CEA473C19}.Debug|Any CPU.ActiveCfg = Debug|Any CPU
		{DC98DB22-CEB4-4155-8023-DD9CEA473C19}.Debug|Any CPU.Build.0 = Debug|Any CPU
		{DC98DB22-CEB4-4155-8023-DD9CEA473C19}.Release|Any CPU.ActiveCfg = Release|Any CPU
		{DC98DB22-CEB4-4155-8023-DD9CEA473C19}.Release|Any CPU.Build.0 = Release|Any CPU
	EndGlobalSection
	GlobalSection(SolutionProperties) = preSolution
		HideSolutionNode = FALSE
	EndGlobalSection
	GlobalSection(ExtensibilityGlobals) = postSolution
		SolutionGuid = {392546D7-6B28-4555-997D-BD89B4AA8A26}
	EndGlobalSection
EndGlobal
