
Microsoft Visual Studio Solution File, Format Version 12.00
# Visual Studio Version 17
VisualStudioVersion = 17.11.35327.3
MinimumVisualStudioVersion = 10.0.40219.1
Project("{FAE04EC0-301F-11D3-BF4B-00C04F79EFBC}") = "UserDataStructure", "UserDataStructure.csproj", "{D47E18FF-55ED-4DDA-86CB-1E30B53D4454}"
EndProject
Global
	GlobalSection(SolutionConfigurationPlatforms) = preSolution
		Debug|Any CPU = Debug|Any CPU
		Release|Any CPU = Release|Any CPU
	EndGlobalSection
	GlobalSection(ProjectConfigurationPlatforms) = postSolution
		{D47E18FF-55ED-4DDA-86CB-1E30B53D4454}.Debug|Any CPU.ActiveCfg = Debug|Any CPU
		{D47E18FF-55ED-4DDA-86CB-1E30B53D4454}.Debug|Any CPU.Build.0 = Debug|Any CPU
		{D47E18FF-55ED-4DDA-86CB-1E30B53D4454}.Release|Any CPU.ActiveCfg = Release|Any CPU
		{D47E18FF-55ED-4DDA-86CB-1E30B53D4454}.Release|Any CPU.Build.0 = Release|Any CPU
	EndGlobalSection
	GlobalSection(SolutionProperties) = preSolution
		HideSolutionNode = FALSE
	EndGlobalSection
	GlobalSection(ExtensibilityGlobals) = postSolution
		SolutionGuid = {31D716CA-BB8A-4796-83D5-EAAD691E2B95}
	EndGlobalSection
EndGlobal
