
Microsoft Visual Studio Solution File, Format Version 12.00
# Visual Studio Version 17
VisualStudioVersion = 17.11.35312.102
MinimumVisualStudioVersion = 10.0.40219.1
Project("{FAE04EC0-301F-11D3-BF4B-00C04F79EFBC}") = "Connect4WPF", "Connect4WPF.csproj", "{7A5F63C4-1B2C-4985-A69F-0DEADFB34A49}"
EndProject
Global
	GlobalSection(SolutionConfigurationPlatforms) = preSolution
		Debug|Any CPU = Debug|Any CPU
		Release|Any CPU = Release|Any CPU
	EndGlobalSection
	GlobalSection(ProjectConfigurationPlatforms) = postSolution
		{7A5F63C4-1B2C-4985-A69F-0DEADFB34A49}.Debug|Any CPU.ActiveCfg = Debug|Any CPU
		{7A5F63C4-1B2C-4985-A69F-0DEADFB34A49}.Debug|Any CPU.Build.0 = Debug|Any CPU
		{7A5F63C4-1B2C-4985-A69F-0DEADFB34A49}.Release|Any CPU.ActiveCfg = Release|Any CPU
		{7A5F63C4-1B2C-4985-A69F-0DEADFB34A49}.Release|Any CPU.Build.0 = Release|Any CPU
	EndGlobalSection
	GlobalSection(SolutionProperties) = preSolution
		HideSolutionNode = FALSE
	EndGlobalSection
	GlobalSection(ExtensibilityGlobals) = postSolution
		SolutionGuid = {4694F60C-ED6D-4564-82CB-D32D8762CBBF}
	EndGlobalSection
EndGlobal
